
Microsoft Visual Studio Solution File, Format Version 12.00
# Visual Studio 15
VisualStudioVersion = 15.0.28307.1684
MinimumVisualStudioVersion = 10.0.40219.1
Project("{FAE04EC0-301F-11D3-BF4B-00C04F79EFBC}") = "CSF1HomeworkVer.2", "CSF1HomeworkVer.2\CSF1HomeworkVer.2.csproj", "{DAF7F4CB-4846-4B1F-9200-221EAB26464A}"
EndProject
Global
	GlobalSection(SolutionConfigurationPlatforms) = preSolution
		Debug|Any CPU = Debug|Any CPU
		Release|Any CPU = Release|Any CPU
	EndGlobalSection
	GlobalSection(ProjectConfigurationPlatforms) = postSolution
		{DAF7F4CB-4846-4B1F-9200-221EAB26464A}.Debug|Any CPU.ActiveCfg = Debug|Any CPU
		{DAF7F4CB-4846-4B1F-9200-221EAB26464A}.Debug|Any CPU.Build.0 = Debug|Any CPU
		{DAF7F4CB-4846-4B1F-9200-221EAB26464A}.Release|Any CPU.ActiveCfg = Release|Any CPU
		{DAF7F4CB-4846-4B1F-9200-221EAB26464A}.Release|Any CPU.Build.0 = Release|Any CPU
	EndGlobalSection
	GlobalSection(SolutionProperties) = preSolution
		HideSolutionNode = FALSE
	EndGlobalSection
	GlobalSection(ExtensibilityGlobals) = postSolution
		SolutionGuid = {1F8615D3-127B-4A02-B56B-C5E4707D597B}
	EndGlobalSection
EndGlobal
